{
  "version": 4,
  "terraform_version": "1.1.9",
  "serial": 57,
  "lineage": "9f422dcc-cb66-c3d0-8118-bf492a712c74",
  "outputs": {},
  "resources": [
    {
      "mode": "data",
      "type": "google_service_account_access_token",
      "name": "default",
      "provider": "provider[\"registry.terraform.io/hashicorp/google\"].impersonation",
      "instances": [
        {
          "schema_version": 0,
          "attributes": {
            "access_token": "ya29.c.b0AXv0zTPiSZuTWT1pgPNNpn3_fa6xEbuQxRp74OdRY_n2mpVus97dTrxVaf4-v2m1DVXabmy7_mkBDd0ND1D8T8CjmiDbVmmT2X-IScYFCvBW2tzdmAovh8XqNzhJfjfydYZC9Qfr3qAZvEPpnFXgq7F3m52O5hpmQXuOlMb8GJfvGU1P8fHx_egmzUJ6Nd-T398W22fXZbvfPPIKNkQ1IudF6iYMNZ_rEFJ9maeZyrDK6PVU7Fj42VvWV1S9Z7B_U0Dg3AheO3Fzobgg91YnaUg7QlMkvw68srOPqGD5tcGMY9csOgCpSPy8EinRrZ0elEWFN4Jab5CA6-LU9EbO7I9-Okh6oChq-sxNs_ORaOoD6T4U7ptxajRLAK7D-6EPBKj3FBxMKQuKFZaD7FL8mId-OOUILm8cPobCCbY4ZwUAWJX2n5uwmVfYuClBZ41U5iOXLVbzbvJ5-90hQSCfnVTAqy-7Koz5IPp5wgkul-A2idC8YQ.....................................................................................................................................................................................................................................................................................................................................................................................................................................................................................................................................",
            "delegates": null,
            "id": "projects/-/serviceAccounts/gcp-ops@poc-adm-finserv-1133276.iam.gserviceaccount.com",
            "lifetime": "1200s",
            "scopes": [
              "cloud-platform",
              "userinfo-email"
            ],
            "target_service_account": "gcp-ops@poc-adm-finserv-1133276.iam.gserviceaccount.com"
          },
          "sensitive_attributes": []
        }
      ]
    },
    {
      "mode": "managed",
      "type": "google_storage_bucket",
      "name": "exam-tesst-bucket-9091",
      "provider": "provider[\"registry.terraform.io/hashicorp/google\"]",
      "instances": [
        {
          "schema_version": 0,
          "attributes": {
            "cors": [],
            "default_event_based_hold": false,
            "encryption": [],
            "force_destroy": false,
            "id": "exam-tesst-bucket-9091",
            "labels": {
              "dep": "complience",
              "env": "tf_env"
            },
            "lifecycle_rule": [],
            "location": "US-CENTRAL1",
            "logging": [],
            "name": "exam-tesst-bucket-9091",
            "project": "poc-adm-finserv-1133276",
            "requester_pays": false,
            "retention_policy": [],
            "self_link": "https://www.googleapis.com/storage/v1/b/exam-tesst-bucket-9091",
            "storage_class": "STANDARD",
            "timeouts": null,
            "uniform_bucket_level_access": true,
            "url": "gs://exam-tesst-bucket-9091",
            "versioning": [],
            "website": []
          },
          "sensitive_attributes": [],
          "private": "eyJlMmJmYjczMC1lY2FhLTExZTYtOGY4OC0zNDM2M2JjN2M0YzAiOnsiY3JlYXRlIjoyNDAwMDAwMDAwMDAsInJlYWQiOjI0MDAwMDAwMDAwMCwidXBkYXRlIjoyNDAwMDAwMDAwMDB9fQ==",
          "dependencies": [
            "data.google_service_account_access_token.default"
          ]
        }
      ]
    },
    {
      "mode": "managed",
      "type": "google_storage_bucket_object",
      "name": "text",
      "provider": "provider[\"registry.terraform.io/hashicorp/google\"]",
      "instances": [
        {
          "schema_version": 0,
          "attributes": {
            "bucket": "exam-tesst-bucket-9091",
            "cache_control": "",
            "content": null,
            "content_disposition": "",
            "content_encoding": "",
            "content_language": "",
            "content_type": "image/jpeg",
            "crc32c": "Y7Qozg==",
            "customer_encryption": [],
            "detect_md5hash": "n+XCLqghHDfWoaoXgqSMMA==",
            "event_based_hold": false,
            "id": "exam-tesst-bucket-9091-gcp_logo",
            "kms_key_name": "",
            "md5hash": "n+XCLqghHDfWoaoXgqSMMA==",
            "media_link": "https://storage.googleapis.com/download/storage/v1/b/exam-tesst-bucket-9091/o/gcp_logo?generation=1655720449344585\u0026alt=media",
            "metadata": {},
            "name": "gcp_logo",
            "output_name": "gcp_logo",
            "self_link": "https://www.googleapis.com/storage/v1/b/exam-tesst-bucket-9091/o/gcp_logo",
            "source": "butterfly.jpg",
            "storage_class": "ARCHIVE",
            "temporary_hold": false,
            "timeouts": null
          },
          "sensitive_attributes": [],
          "private": "eyJlMmJmYjczMC1lY2FhLTExZTYtOGY4OC0zNDM2M2JjN2M0YzAiOnsiY3JlYXRlIjoyNDAwMDAwMDAwMDAsImRlbGV0ZSI6MjQwMDAwMDAwMDAwLCJ1cGRhdGUiOjI0MDAwMDAwMDAwMH19",
          "dependencies": [
            "data.google_service_account_access_token.default",
            "google_storage_bucket.exam-tesst-bucket-9091"
          ]
        }
      ]
    }
  ]
}
